
Microsoft Visual Studio Solution File, Format Version 12.00
# Visual Studio Version 16
VisualStudioVersion = 16.0.31605.320
MinimumVisualStudioVersion = 10.0.40219.1
Project("{FAE04EC0-301F-11D3-BF4B-00C04F79EFBC}") = "KataDoor", "KataDoor.csproj", "{4D1150DD-88BC-4A73-97EA-E4F94591ECC7}"
EndProject
Global
	GlobalSection(SolutionConfigurationPlatforms) = preSolution
		Debug|Any CPU = Debug|Any CPU
		Release|Any CPU = Release|Any CPU
	EndGlobalSection
	GlobalSection(ProjectConfigurationPlatforms) = postSolution
		{4D1150DD-88BC-4A73-97EA-E4F94591ECC7}.Debug|Any CPU.ActiveCfg = Debug|Any CPU
		{4D1150DD-88BC-4A73-97EA-E4F94591ECC7}.Debug|Any CPU.Build.0 = Debug|Any CPU
		{4D1150DD-88BC-4A73-97EA-E4F94591ECC7}.Release|Any CPU.ActiveCfg = Release|Any CPU
		{4D1150DD-88BC-4A73-97EA-E4F94591ECC7}.Release|Any CPU.Build.0 = Release|Any CPU
	EndGlobalSection
	GlobalSection(SolutionProperties) = preSolution
		HideSolutionNode = FALSE
	EndGlobalSection
	GlobalSection(ExtensibilityGlobals) = postSolution
		SolutionGuid = {AC339E48-466B-42CD-80DC-02C3C1BF5D80}
	EndGlobalSection
EndGlobal
